# THIS IS AN AUTOGENERATED FILE. DO NOT EDIT THIS FILE DIRECTLY.
# yarn lockfile v1


"@openzeppelin/contracts-upgradeable@5.0.2":
  version "5.0.2"
  resolved "https://registry.yarnpkg.com/@openzeppelin/contracts-upgradeable/-/contracts-upgradeable-5.0.2.tgz#3e5321a2ecdd0b206064356798c21225b6ec7105"
  integrity sha512-0MmkHSHiW2NRFiT9/r5Lu4eJq5UJ4/tzlOgYXNAIj/ONkQTVnz22pLxDvp4C4uZ9he7ZFvGn3Driptn1/iU7tQ==

"@openzeppelin/contracts@5.1.0":
  version "5.1.0"
  resolved "https://registry.yarnpkg.com/@openzeppelin/contracts/-/contracts-5.1.0.tgz#4e61162f2a2bf414c4e10c45eca98ce5f1aadbd4"
  integrity sha512-p1ULhl7BXzjjbha5aqst+QMLY+4/LCWADXOCsmLHRM77AqiPjnd9vvUN9sosUfhL9JGKpZ0TjEGxgvnizmWGSA==

"@zk-kit/lean-imt.sol@2.0.0":
  version "2.0.0"
  resolved "https://registry.yarnpkg.com/@zk-kit/lean-imt.sol/-/lean-imt.sol-2.0.0.tgz#4b0aee47854b5844455f9361396062139416e12b"
  integrity sha512-e9pAm+IXveLPy7b1h05ipIo6U44vp8g/2E+Ocx3PIloMu7lgTXFkIeZj/qZ/iLgEMsF74T0dsg7aVIT0B0nsDA==
  dependencies:
    poseidon-solidity "0.0.5"

"@zk-kit/lean-imt@2.2.2":
  version "2.2.2"
  resolved "https://registry.yarnpkg.com/@zk-kit/lean-imt/-/lean-imt-2.2.2.tgz#79c8bd70fc0d444638328cb4781479b14c69a9dd"
  integrity sha512-rscIPEgBBcu9vP/DJ3J+3187G/ObKETl343G5enPawNT81oeQSdHx3e2ZapTC+GfrZ/AS2AHHUOpRS1FfdSwjg==
  dependencies:
    "@zk-kit/utils" "1.2.1"

"@zk-kit/utils@1.2.1":
  version "1.2.1"
  resolved "https://registry.yarnpkg.com/@zk-kit/utils/-/utils-1.2.1.tgz#6cb38120535c73ab68cd0f09684882af148f256d"
  integrity sha512-H2nTsyWdicVOyvqC5AjgU7tsTgmR6PDrruFJNmlmdhKp7RxEia/E1B1swMZjaasYa2QMp4Zc6oB7cWchty7B2Q==
  dependencies:
    buffer "^6.0.3"

base64-js@^1.3.1:
  version "1.5.1"
  resolved "https://registry.yarnpkg.com/base64-js/-/base64-js-1.5.1.tgz#1b1b440160a5bf7ad40b650f095963481903930a"
  integrity sha512-AKpaYlHn8t4SVbOHCy+b5+KKgvR4vrsD8vbvrbiQJps7fKDTkjkDry6ji0rUJjC0kzbNePLwzxq8iypo41qeWA==

buffer@^6.0.3:
  version "6.0.3"
  resolved "https://registry.yarnpkg.com/buffer/-/buffer-6.0.3.tgz#2ace578459cc8fbe2a70aaa8f52ee63b6a74c6c6"
  integrity sha512-FTiCpNxtwiZZHEZbcbTIcZjERVICn9yq/pDFkTl95/AxzD1naBctN7YO68riM/gLSDY7sdrMby8hofADYuuqOA==
  dependencies:
    base64-js "^1.3.1"
    ieee754 "^1.2.1"

ieee754@^1.2.1:
  version "1.2.1"
  resolved "https://registry.yarnpkg.com/ieee754/-/ieee754-1.2.1.tgz#8eb7a10a63fff25d15a57b001586d177d1b0d352"
  integrity sha512-dcyqhDvX1C46lXZcVqCpK+FtMRQVdIMN6/Df5js2zouUsqG7I6sFxitIC+7KYK29KdXOLHdu9zL4sFnoVQnqaA==

poseidon-solidity@0.0.5:
  version "0.0.5"
  resolved "https://registry.yarnpkg.com/poseidon-solidity/-/poseidon-solidity-0.0.5.tgz#3f93e01cfe25f6d2f2fac49734fbb00961b84655"
  integrity sha512-NzrvSwHzvZgT4hvg2GyGqeR+UOU/eLSEt4wAoXEua+VaR7NTKKwx1X9bPlh1VMBEVEno+IWvkRBbidFGzTeAqQ==
